
Microsoft Visual Studio Solution File, Format Version 12.00
# Visual Studio Version 16
VisualStudioVersion = 16.0.31729.503
MinimumVisualStudioVersion = 10.0.40219.1
Project("{FAE04EC0-301F-11D3-BF4B-00C04F79EFBC}") = "AppParkingUI.Android", "AppParkingUI.Android\AppParkingUI.Android.csproj", "{B94B374D-1388-4A72-829F-0AA75417405A}"
EndProject
Project("{FAE04EC0-301F-11D3-BF4B-00C04F79EFBC}") = "AppParkingUI.iOS", "AppParkingUI.iOS\AppParkingUI.iOS.csproj", "{F00D52D3-869D-45F1-9324-5F4FA8CA0F19}"
EndProject
Project("{FAE04EC0-301F-11D3-BF4B-00C04F79EFBC}") = "AppParkingUI", "AppParkingUI\AppParkingUI.csproj", "{7C90ECDD-532C-4F3B-8456-264D0DEAAA41}"
EndProject
Global
	GlobalSection(SolutionConfigurationPlatforms) = preSolution
		Debug|Any CPU = Debug|Any CPU
		Debug|iPhone = Debug|iPhone
		Debug|iPhoneSimulator = Debug|iPhoneSimulator
		Release|Any CPU = Release|Any CPU
		Release|iPhone = Release|iPhone
		Release|iPhoneSimulator = Release|iPhoneSimulator
	EndGlobalSection
	GlobalSection(ProjectConfigurationPlatforms) = postSolution
		{B94B374D-1388-4A72-829F-0AA75417405A}.Debug|Any CPU.ActiveCfg = Debug|Any CPU
		{B94B374D-1388-4A72-829F-0AA75417405A}.Debug|Any CPU.Build.0 = Debug|Any CPU
		{B94B374D-1388-4A72-829F-0AA75417405A}.Debug|Any CPU.Deploy.0 = Debug|Any CPU
		{B94B374D-1388-4A72-829F-0AA75417405A}.Debug|iPhone.ActiveCfg = Debug|Any CPU
		{B94B374D-1388-4A72-829F-0AA75417405A}.Debug|iPhone.Build.0 = Debug|Any CPU
		{B94B374D-1388-4A72-829F-0AA75417405A}.Debug|iPhone.Deploy.0 = Debug|Any CPU
		{B94B374D-1388-4A72-829F-0AA75417405A}.Debug|iPhoneSimulator.ActiveCfg = Debug|Any CPU
		{B94B374D-1388-4A72-829F-0AA75417405A}.Debug|iPhoneSimulator.Build.0 = Debug|Any CPU
		{B94B374D-1388-4A72-829F-0AA75417405A}.Debug|iPhoneSimulator.Deploy.0 = Debug|Any CPU
		{B94B374D-1388-4A72-829F-0AA75417405A}.Release|Any CPU.ActiveCfg = Release|Any CPU
		{B94B374D-1388-4A72-829F-0AA75417405A}.Release|Any CPU.Build.0 = Release|Any CPU
		{B94B374D-1388-4A72-829F-0AA75417405A}.Release|Any CPU.Deploy.0 = Release|Any CPU
		{B94B374D-1388-4A72-829F-0AA75417405A}.Release|iPhone.ActiveCfg = Release|Any CPU
		{B94B374D-1388-4A72-829F-0AA75417405A}.Release|iPhone.Build.0 = Release|Any CPU
		{B94B374D-1388-4A72-829F-0AA75417405A}.Release|iPhone.Deploy.0 = Release|Any CPU
		{B94B374D-1388-4A72-829F-0AA75417405A}.Release|iPhoneSimulator.ActiveCfg = Release|Any CPU
		{B94B374D-1388-4A72-829F-0AA75417405A}.Release|iPhoneSimulator.Build.0 = Release|Any CPU
		{B94B374D-1388-4A72-829F-0AA75417405A}.Release|iPhoneSimulator.Deploy.0 = Release|Any CPU
		{F00D52D3-869D-45F1-9324-5F4FA8CA0F19}.Debug|Any CPU.ActiveCfg = Debug|iPhone
		{F00D52D3-869D-45F1-9324-5F4FA8CA0F19}.Debug|Any CPU.Build.0 = Debug|iPhone
		{F00D52D3-869D-45F1-9324-5F4FA8CA0F19}.Debug|Any CPU.Deploy.0 = Debug|iPhone
		{F00D52D3-869D-45F1-9324-5F4FA8CA0F19}.Debug|iPhone.ActiveCfg = Debug|iPhone
		{F00D52D3-869D-45F1-9324-5F4FA8CA0F19}.Debug|iPhone.Build.0 = Debug|iPhone
		{F00D52D3-869D-45F1-9324-5F4FA8CA0F19}.Debug|iPhone.Deploy.0 = Debug|iPhone
		{F00D52D3-869D-45F1-9324-5F4FA8CA0F19}.Debug|iPhoneSimulator.ActiveCfg = Debug|iPhoneSimulator
		{F00D52D3-869D-45F1-9324-5F4FA8CA0F19}.Debug|iPhoneSimulator.Build.0 = Debug|iPhoneSimulator
		{F00D52D3-869D-45F1-9324-5F4FA8CA0F19}.Debug|iPhoneSimulator.Deploy.0 = Debug|iPhoneSimulator
		{F00D52D3-869D-45F1-9324-5F4FA8CA0F19}.Release|Any CPU.ActiveCfg = Release|iPhoneSimulator
		{F00D52D3-869D-45F1-9324-5F4FA8CA0F19}.Release|Any CPU.Build.0 = Release|iPhoneSimulator
		{F00D52D3-869D-45F1-9324-5F4FA8CA0F19}.Release|Any CPU.Deploy.0 = Release|iPhoneSimulator
		{F00D52D3-869D-45F1-9324-5F4FA8CA0F19}.Release|iPhone.ActiveCfg = Release|iPhone
		{F00D52D3-869D-45F1-9324-5F4FA8CA0F19}.Release|iPhone.Build.0 = Release|iPhone
		{F00D52D3-869D-45F1-9324-5F4FA8CA0F19}.Release|iPhone.Deploy.0 = Release|iPhone
		{F00D52D3-869D-45F1-9324-5F4FA8CA0F19}.Release|iPhoneSimulator.ActiveCfg = Release|iPhoneSimulator
		{F00D52D3-869D-45F1-9324-5F4FA8CA0F19}.Release|iPhoneSimulator.Build.0 = Release|iPhoneSimulator
		{F00D52D3-869D-45F1-9324-5F4FA8CA0F19}.Release|iPhoneSimulator.Deploy.0 = Release|iPhoneSimulator
		{7C90ECDD-532C-4F3B-8456-264D0DEAAA41}.Debug|Any CPU.ActiveCfg = Debug|Any CPU
		{7C90ECDD-532C-4F3B-8456-264D0DEAAA41}.Debug|Any CPU.Build.0 = Debug|Any CPU
		{7C90ECDD-532C-4F3B-8456-264D0DEAAA41}.Debug|Any CPU.Deploy.0 = Debug|Any CPU
		{7C90ECDD-532C-4F3B-8456-264D0DEAAA41}.Debug|iPhone.ActiveCfg = Debug|Any CPU
		{7C90ECDD-532C-4F3B-8456-264D0DEAAA41}.Debug|iPhone.Build.0 = Debug|Any CPU
		{7C90ECDD-532C-4F3B-8456-264D0DEAAA41}.Debug|iPhone.Deploy.0 = Debug|Any CPU
		{7C90ECDD-532C-4F3B-8456-264D0DEAAA41}.Debug|iPhoneSimulator.ActiveCfg = Debug|Any CPU
		{7C90ECDD-532C-4F3B-8456-264D0DEAAA41}.Debug|iPhoneSimulator.Build.0 = Debug|Any CPU
		{7C90ECDD-532C-4F3B-8456-264D0DEAAA41}.Debug|iPhoneSimulator.Deploy.0 = Debug|Any CPU
		{7C90ECDD-532C-4F3B-8456-264D0DEAAA41}.Release|Any CPU.ActiveCfg = Release|Any CPU
		{7C90ECDD-532C-4F3B-8456-264D0DEAAA41}.Release|Any CPU.Build.0 = Release|Any CPU
		{7C90ECDD-532C-4F3B-8456-264D0DEAAA41}.Release|Any CPU.Deploy.0 = Release|Any CPU
		{7C90ECDD-532C-4F3B-8456-264D0DEAAA41}.Release|iPhone.ActiveCfg = Release|Any CPU
		{7C90ECDD-532C-4F3B-8456-264D0DEAAA41}.Release|iPhone.Build.0 = Release|Any CPU
		{7C90ECDD-532C-4F3B-8456-264D0DEAAA41}.Release|iPhone.Deploy.0 = Release|Any CPU
		{7C90ECDD-532C-4F3B-8456-264D0DEAAA41}.Release|iPhoneSimulator.ActiveCfg = Release|Any CPU
		{7C90ECDD-532C-4F3B-8456-264D0DEAAA41}.Release|iPhoneSimulator.Build.0 = Release|Any CPU
		{7C90ECDD-532C-4F3B-8456-264D0DEAAA41}.Release|iPhoneSimulator.Deploy.0 = Release|Any CPU
	EndGlobalSection
	GlobalSection(SolutionProperties) = preSolution
		HideSolutionNode = FALSE
	EndGlobalSection
	GlobalSection(ExtensibilityGlobals) = postSolution
		SolutionGuid = {5BCF280B-EE60-4A9E-83E2-8437396D48B8}
	EndGlobalSection
EndGlobal
